// !$*UTF8*$!
{
	archiveVersion = 1;
	classes = {
	};
	objectVersion = 46;
	objects = {

/* Begin PBXBuildFile section */
		4C1F86461A094C6E001A3F0F /* CTDUtilityTests.m in Sources */ = {isa = PBXBuildFile; fileRef = 4CD4E29A1A094A8C006A244D /* CTDUtilityTests.m */; };
		4C1F86481A094D2A001A3F0F /* CTDExerciseSceneTouchRouterTests.m in Sources */ = {isa = PBXBuildFile; fileRef = 4C1F86471A094D2A001A3F0F /* CTDExerciseSceneTouchRouterTests.m */; };
		4C1F86511A0B2AD1001A3F0F /* CTDExerciseSceneTouchRouter.m in Sources */ = {isa = PBXBuildFile; fileRef = 4CFDEEAD19C683450041B910 /* CTDExerciseSceneTouchRouter.m */; };
		4C5A569019E1C37A00E994CB /* CTDSelectOnTouchInteraction.m in Sources */ = {isa = PBXBuildFile; fileRef = 4C5A568F19E1C37A00E994CB /* CTDSelectOnTouchInteraction.m */; };
		4C5A56A219E1C65600E994CB /* CTDConnectionTouchInteraction.m in Sources */ = {isa = PBXBuildFile; fileRef = 4C5A569E19E1C65600E994CB /* CTDConnectionTouchInteraction.m */; };
		4C5A56A919E20A2A00E994CB /* CTDUIKitConnectionView.m in Sources */ = {isa = PBXBuildFile; fileRef = 4C5A56A819E20A2A00E994CB /* CTDUIKitConnectionView.m */; };
		4C5A56AC19E20CC200E994CB /* CTDUIKitDrawingConfig.m in Sources */ = {isa = PBXBuildFile; fileRef = 4C5A56AB19E20CC200E994CB /* CTDUIKitDrawingConfig.m */; };
		4CD4E25C1A080D61006A244D /* CTDListOrderTouchMapper.m in Sources */ = {isa = PBXBuildFile; fileRef = 4CD4E25B1A080D61006A244D /* CTDListOrderTouchMapper.m */; };
		4CD4E25F1A084676006A244D /* CTDDelegatingTouchTracker.m in Sources */ = {isa = PBXBuildFile; fileRef = 4CD4E25E1A084676006A244D /* CTDDelegatingTouchTracker.m */; };
		4CD4E2951A09466C006A244D /* libCTDUtility.a in Frameworks */ = {isa = PBXBuildFile; fileRef = 4CFDEEB619C688CF0041B910 /* libCTDUtility.a */; };
		4CD4E2961A094679006A244D /* libCTDModel.a in Frameworks */ = {isa = PBXBuildFile; fileRef = 4CEBCA5719BB77C400D2B498 /* libCTDModel.a */; };
		4CEBCA0B19BB564600D2B498 /* Foundation.framework in Frameworks */ = {isa = PBXBuildFile; fileRef = 4CEBCA0A19BB564600D2B498 /* Foundation.framework */; };
		4CEBCA0D19BB564600D2B498 /* CoreGraphics.framework in Frameworks */ = {isa = PBXBuildFile; fileRef = 4CEBCA0C19BB564600D2B498 /* CoreGraphics.framework */; };
		4CEBCA0F19BB564600D2B498 /* UIKit.framework in Frameworks */ = {isa = PBXBuildFile; fileRef = 4CEBCA0E19BB564600D2B498 /* UIKit.framework */; };
		4CEBCA1519BB564600D2B498 /* InfoPlist.strings in Resources */ = {isa = PBXBuildFile; fileRef = 4CEBCA1319BB564600D2B498 /* InfoPlist.strings */; };
		4CEBCA1719BB564600D2B498 /* main.m in Sources */ = {isa = PBXBuildFile; fileRef = 4CEBCA1619BB564600D2B498 /* main.m */; };
		4CEBCA1B19BB564600D2B498 /* CTDAppDelegate.m in Sources */ = {isa = PBXBuildFile; fileRef = 4CEBCA1A19BB564600D2B498 /* CTDAppDelegate.m */; };
		4CEBCA1D19BB564600D2B498 /* Images.xcassets in Resources */ = {isa = PBXBuildFile; fileRef = 4CEBCA1C19BB564600D2B498 /* Images.xcassets */; };
		4CEBCA2419BB564600D2B498 /* XCTest.framework in Frameworks */ = {isa = PBXBuildFile; fileRef = 4CEBCA2319BB564600D2B498 /* XCTest.framework */; };
		4CEBCA2519BB564600D2B498 /* Foundation.framework in Frameworks */ = {isa = PBXBuildFile; fileRef = 4CEBCA0A19BB564600D2B498 /* Foundation.framework */; };
		4CEBCA2619BB564600D2B498 /* UIKit.framework in Frameworks */ = {isa = PBXBuildFile; fileRef = 4CEBCA0E19BB564600D2B498 /* UIKit.framework */; };
		4CEBCA2E19BB564600D2B498 /* InfoPlist.strings in Resources */ = {isa = PBXBuildFile; fileRef = 4CEBCA2C19BB564600D2B498 /* InfoPlist.strings */; };
		4CEBCA3019BB564600D2B498 /* CTDApplicationTests.m in Sources */ = {isa = PBXBuildFile; fileRef = 4CEBCA2F19BB564600D2B498 /* CTDApplicationTests.m */; };
		4CEBCA5819BB77C400D2B498 /* Foundation.framework in Frameworks */ = {isa = PBXBuildFile; fileRef = 4CEBCA0A19BB564600D2B498 /* Foundation.framework */; };
		4CEBCA5D19BB77C400D2B498 /* CTDModel.h in CopyFiles */ = {isa = PBXBuildFile; fileRef = 4CEBCA5C19BB77C400D2B498 /* CTDModel.h */; };
		4CEBCA5F19BB77C400D2B498 /* CTDModel.m in Sources */ = {isa = PBXBuildFile; fileRef = 4CEBCA5E19BB77C400D2B498 /* CTDModel.m */; };
		4CEBCA6519BB77C400D2B498 /* XCTest.framework in Frameworks */ = {isa = PBXBuildFile; fileRef = 4CEBCA2319BB564600D2B498 /* XCTest.framework */; };
		4CEBCA6619BB77C400D2B498 /* Foundation.framework in Frameworks */ = {isa = PBXBuildFile; fileRef = 4CEBCA0A19BB564600D2B498 /* Foundation.framework */; };
		4CEBCA6A19BB77C400D2B498 /* libCTDModel.a in Frameworks */ = {isa = PBXBuildFile; fileRef = 4CEBCA5719BB77C400D2B498 /* libCTDModel.a */; };
		4CEBCA7019BB77C400D2B498 /* InfoPlist.strings in Resources */ = {isa = PBXBuildFile; fileRef = 4CEBCA6E19BB77C400D2B498 /* InfoPlist.strings */; };
		4CEBCA7219BB77C400D2B498 /* CTDModelTests.m in Sources */ = {isa = PBXBuildFile; fileRef = 4CEBCA7119BB77C400D2B498 /* CTDModelTests.m */; };
		4CEBCA7E19BB77D300D2B498 /* Foundation.framework in Frameworks */ = {isa = PBXBuildFile; fileRef = 4CEBCA0A19BB564600D2B498 /* Foundation.framework */; };
		4CEBCA8B19BB77D300D2B498 /* XCTest.framework in Frameworks */ = {isa = PBXBuildFile; fileRef = 4CEBCA2319BB564600D2B498 /* XCTest.framework */; };
		4CEBCA8C19BB77D300D2B498 /* Foundation.framework in Frameworks */ = {isa = PBXBuildFile; fileRef = 4CEBCA0A19BB564600D2B498 /* Foundation.framework */; };
		4CEBCA9019BB77D300D2B498 /* libCTDPresentation.a in Frameworks */ = {isa = PBXBuildFile; fileRef = 4CEBCA7D19BB77D200D2B498 /* libCTDPresentation.a */; };
		4CEBCA9619BB77D300D2B498 /* InfoPlist.strings in Resources */ = {isa = PBXBuildFile; fileRef = 4CEBCA9419BB77D300D2B498 /* InfoPlist.strings */; };
		4CEBCAAF19BB928B00D2B498 /* libCTDModel.a in Frameworks */ = {isa = PBXBuildFile; fileRef = 4CEBCA5719BB77C400D2B498 /* libCTDModel.a */; };
		4CEBCAB019BB928B00D2B498 /* libCTDPresentation.a in Frameworks */ = {isa = PBXBuildFile; fileRef = 4CEBCA7D19BB77D200D2B498 /* libCTDPresentation.a */; };
		4CEBCAB719BC97ED00D2B498 /* CTDUIKitConnectSceneViewController.m in Sources */ = {isa = PBXBuildFile; fileRef = 4CEBCAB519BC97ED00D2B498 /* CTDUIKitConnectSceneViewController.m */; };
		4CEBCAB819BC97ED00D2B498 /* CTDUIKitConnectSceneViewController.xib in Resources */ = {isa = PBXBuildFile; fileRef = 4CEBCAB619BC97ED00D2B498 /* CTDUIKitConnectSceneViewController.xib */; };
		4CEBCAC219BCD54D00D2B498 /* CTDUIKitTargetView.m in Sources */ = {isa = PBXBuildFile; fileRef = 4CEBCAC119BCD54D00D2B498 /* CTDUIKitTargetView.m */; };
		4CEBCAC619BCFD3A00D2B498 /* QuartzCore.framework in Frameworks */ = {isa = PBXBuildFile; fileRef = 4CEBCAC519BCFD3A00D2B498 /* QuartzCore.framework */; };
		4CEBCACF19BD26D600D2B498 /* CTDUIKitToolbar.m in Sources */ = {isa = PBXBuildFile; fileRef = 4CEBCACE19BD26D600D2B498 /* CTDUIKitToolbar.m */; };
		4CEBCAD219BD2F8000D2B498 /* CTDCoreGraphicsUtils.c in Sources */ = {isa = PBXBuildFile; fileRef = 4CEBCAD019BD2F8000D2B498 /* CTDCoreGraphicsUtils.c */; };
		4CFDEE9519C619560041B910 /* CTDUIKitTargetSelectionIndicatorController.m in Sources */ = {isa = PBXBuildFile; fileRef = 4CFDEE9419C619560041B910 /* CTDUIKitTargetSelectionIndicatorController.m */; };
		4CFDEE9919C61B740041B910 /* CTDAnimationUtils.m in Sources */ = {isa = PBXBuildFile; fileRef = 4CFDEE9819C61B740041B910 /* CTDAnimationUtils.m */; };
		4CFDEEA819C631880041B910 /* CAAnimation+CTDAnimationConstruction.m in Sources */ = {isa = PBXBuildFile; fileRef = 4CFDEEA719C631880041B910 /* CAAnimation+CTDAnimationConstruction.m */; };
		4CFDEEAB19C63C670041B910 /* CALayer+CTDAnimationSupport.m in Sources */ = {isa = PBXBuildFile; fileRef = 4CFDEEAA19C63C670041B910 /* CALayer+CTDAnimationSupport.m */; };
		4CFDEEB719C688D00041B910 /* Foundation.framework in Frameworks */ = {isa = PBXBuildFile; fileRef = 4CEBCA0A19BB564600D2B498 /* Foundation.framework */; };
		4CFDEEC419C688D00041B910 /* XCTest.framework in Frameworks */ = {isa = PBXBuildFile; fileRef = 4CEBCA2319BB564600D2B498 /* XCTest.framework */; };
		4CFDEEC519C688D00041B910 /* Foundation.framework in Frameworks */ = {isa = PBXBuildFile; fileRef = 4CEBCA0A19BB564600D2B498 /* Foundation.framework */; };
		4CFDEEC919C688D00041B910 /* libCTDUtility.a in Frameworks */ = {isa = PBXBuildFile; fileRef = 4CFDEEB619C688CF0041B910 /* libCTDUtility.a */; };
		4CFDEECF19C688D00041B910 /* InfoPlist.strings in Resources */ = {isa = PBXBuildFile; fileRef = 4CFDEECD19C688D00041B910 /* InfoPlist.strings */; };
		4CFDEEDE19C68B070041B910 /* CTDPoint.m in Sources */ = {isa = PBXBuildFile; fileRef = 4CFDEEDD19C68B070041B910 /* CTDPoint.m */; };
		4CFDEEE319C698520041B910 /* CTDTargetSetPresenter.m in Sources */ = {isa = PBXBuildFile; fileRef = 4CFDEEE219C698520041B910 /* CTDTargetSetPresenter.m */; };
		4CFDEEE819C69F4A0041B910 /* libCTDUtility.a in Frameworks */ = {isa = PBXBuildFile; fileRef = 4CFDEEB619C688CF0041B910 /* libCTDUtility.a */; };
		4CFDEEEF19C720710041B910 /* CTDApplication.m in Sources */ = {isa = PBXBuildFile; fileRef = 4CFDEEEE19C720710041B910 /* CTDApplication.m */; };
		4CFDEEF419C762580041B910 /* CTDPoint+CGConversion.m in Sources */ = {isa = PBXBuildFile; fileRef = 4CFDEEF319C762580041B910 /* CTDPoint+CGConversion.m */; };
/* End PBXBuildFile section */

/* Begin PBXContainerItemProxy section */
		4CD4E2931A094662006A244D /* PBXContainerItemProxy */ = {
			isa = PBXContainerItemProxy;
			containerPortal = 4CEBC9FF19BB564600D2B498 /* Project object */;
			proxyType = 1;
			remoteGlobalIDString = 4CFDEEB519C688CF0041B910;
			remoteInfo = CTDUtility;
		};
		4CD4E2971A09468C006A244D /* PBXContainerItemProxy */ = {
			isa = PBXContainerItemProxy;
			containerPortal = 4CEBC9FF19BB564600D2B498 /* Project object */;
			proxyType = 1;
			remoteGlobalIDString = 4CEBCA5619BB77C400D2B498;
			remoteInfo = CTDModel;
		};
		4CEBCA2719BB564600D2B498 /* PBXContainerItemProxy */ = {
			isa = PBXContainerItemProxy;
			containerPortal = 4CEBC9FF19BB564600D2B498 /* Project object */;
			proxyType = 1;
			remoteGlobalIDString = 4CEBCA0619BB564600D2B498;
			remoteInfo = ConnectTheDots2;
		};
		4CEBCA6819BB77C400D2B498 /* PBXContainerItemProxy */ = {
			isa = PBXContainerItemProxy;
			containerPortal = 4CEBC9FF19BB564600D2B498 /* Project object */;
			proxyType = 1;
			remoteGlobalIDString = 4CEBCA5619BB77C400D2B498;
			remoteInfo = CTDModel;
		};
		4CEBCA8E19BB77D300D2B498 /* PBXContainerItemProxy */ = {
			isa = PBXContainerItemProxy;
			containerPortal = 4CEBC9FF19BB564600D2B498 /* Project object */;
			proxyType = 1;
			remoteGlobalIDString = 4CEBCA7C19BB77D200D2B498;
			remoteInfo = CTDPresentation;
		};
		4CEBCAAB19BB928400D2B498 /* PBXContainerItemProxy */ = {
			isa = PBXContainerItemProxy;
			containerPortal = 4CEBC9FF19BB564600D2B498 /* Project object */;
			proxyType = 1;
			remoteGlobalIDString = 4CEBCA5619BB77C400D2B498;
			remoteInfo = CTDModel;
		};
		4CEBCAAD19BB928400D2B498 /* PBXContainerItemProxy */ = {
			isa = PBXContainerItemProxy;
			containerPortal = 4CEBC9FF19BB564600D2B498 /* Project object */;
			proxyType = 1;
			remoteGlobalIDString = 4CEBCA7C19BB77D200D2B498;
			remoteInfo = CTDPresentation;
		};
		4CFDEEC719C688D00041B910 /* PBXContainerItemProxy */ = {
			isa = PBXContainerItemProxy;
			containerPortal = 4CEBC9FF19BB564600D2B498 /* Project object */;
			proxyType = 1;
			remoteGlobalIDString = 4CFDEEB519C688CF0041B910;
			remoteInfo = CTDUtility;
		};
		4CFDEEE619C69F3C0041B910 /* PBXContainerItemProxy */ = {
			isa = PBXContainerItemProxy;
			containerPortal = 4CEBC9FF19BB564600D2B498 /* Project object */;
			proxyType = 1;
			remoteGlobalIDString = 4CFDEEB519C688CF0041B910;
			remoteInfo = CTDUtility;
		};
/* End PBXContainerItemProxy section */

/* Begin PBXCopyFilesBuildPhase section */
		4CEBCA5519BB77C400D2B498 /* CopyFiles */ = {
			isa = PBXCopyFilesBuildPhase;
			buildActionMask = 2147483647;
			dstPath = "include/$(PRODUCT_NAME)";
			dstSubfolderSpec = 16;
			files = (
				4CEBCA5D19BB77C400D2B498 /* CTDModel.h in CopyFiles */,
			);
			runOnlyForDeploymentPostprocessing = 0;
		};
		4CEBCA7B19BB77D200D2B498 /* CopyFiles */ = {
			isa = PBXCopyFilesBuildPhase;
			buildActionMask = 2147483647;
			dstPath = "include/$(PRODUCT_NAME)";
			dstSubfolderSpec = 16;
			files = (
			);
			runOnlyForDeploymentPostprocessing = 0;
		};
		4CFDEEB419C688CF0041B910 /* CopyFiles */ = {
			isa = PBXCopyFilesBuildPhase;
			buildActionMask = 2147483647;
			dstPath = "include/$(PRODUCT_NAME)";
			dstSubfolderSpec = 16;
			files = (
			);
			runOnlyForDeploymentPostprocessing = 0;
		};
/* End PBXCopyFilesBuildPhase section */

/* Begin PBXFileReference section */
		4C1F86471A094D2A001A3F0F /* CTDExerciseSceneTouchRouterTests.m */ = {isa = PBXFileReference; fileEncoding = 4; lastKnownFileType = sourcecode.c.objc; name = CTDExerciseSceneTouchRouterTests.m; path = CTDPresentation/Tests/CTDExerciseSceneTouchRouterTests.m; sourceTree = SOURCE_ROOT; };
		4C5A568E19E1C37A00E994CB /* CTDSelectOnTouchInteraction.h */ = {isa = PBXFileReference; fileEncoding = 4; lastKnownFileType = sourcecode.c.h; path = CTDSelectOnTouchInteraction.h; sourceTree = "<group>"; };
		4C5A568F19E1C37A00E994CB /* CTDSelectOnTouchInteraction.m */ = {isa = PBXFileReference; fileEncoding = 4; lastKnownFileType = sourcecode.c.objc; path = CTDSelectOnTouchInteraction.m; sourceTree = "<group>"; };
		4C5A569D19E1C65600E994CB /* CTDConnectionTouchInteraction.h */ = {isa = PBXFileReference; fileEncoding = 4; lastKnownFileType = sourcecode.c.h; path = CTDConnectionTouchInteraction.h; sourceTree = "<group>"; };
		4C5A569E19E1C65600E994CB /* CTDConnectionTouchInteraction.m */ = {isa = PBXFileReference; fileEncoding = 4; lastKnownFileType = sourcecode.c.objc; path = CTDConnectionTouchInteraction.m; sourceTree = "<group>"; };
		4C5A56A419E1E2F800E994CB /* CTDTargetConnectionView.h */ = {isa = PBXFileReference; lastKnownFileType = sourcecode.c.h; path = CTDTargetConnectionView.h; sourceTree = "<group>"; };
		4C5A56A619E1EEF200E994CB /* CTDTargetContainerView.h */ = {isa = PBXFileReference; lastKnownFileType = sourcecode.c.h; path = CTDTargetContainerView.h; sourceTree = "<group>"; };
		4C5A56A719E20A2A00E994CB /* CTDUIKitConnectionView.h */ = {isa = PBXFileReference; fileEncoding = 4; lastKnownFileType = sourcecode.c.h; path = CTDUIKitConnectionView.h; sourceTree = "<group>"; };
		4C5A56A819E20A2A00E994CB /* CTDUIKitConnectionView.m */ = {isa = PBXFileReference; fileEncoding = 4; lastKnownFileType = sourcecode.c.objc; path = CTDUIKitConnectionView.m; sourceTree = "<group>"; };
		4C5A56AA19E20CC200E994CB /* CTDUIKitDrawingConfig.h */ = {isa = PBXFileReference; fileEncoding = 4; lastKnownFileType = sourcecode.c.h; path = CTDUIKitDrawingConfig.h; sourceTree = "<group>"; };
		4C5A56AB19E20CC200E994CB /* CTDUIKitDrawingConfig.m */ = {isa = PBXFileReference; fileEncoding = 4; lastKnownFileType = sourcecode.c.objc; path = CTDUIKitDrawingConfig.m; sourceTree = "<group>"; };
		4C5A56AD19E32B4600E994CB /* CTDTouchable.h */ = {isa = PBXFileReference; lastKnownFileType = sourcecode.c.h; name = CTDTouchable.h; path = CTDPresentation/Interface/CTDPresentation/CTDTouchable.h; sourceTree = SOURCE_ROOT; };
		4CD4E2591A080BBC006A244D /* CTDTouchMapper.h */ = {isa = PBXFileReference; lastKnownFileType = sourcecode.c.h; path = CTDTouchMapper.h; sourceTree = "<group>"; };
		4CD4E25A1A080D61006A244D /* CTDListOrderTouchMapper.h */ = {isa = PBXFileReference; fileEncoding = 4; lastKnownFileType = sourcecode.c.h; path = CTDListOrderTouchMapper.h; sourceTree = "<group>"; };
		4CD4E25B1A080D61006A244D /* CTDListOrderTouchMapper.m */ = {isa = PBXFileReference; fileEncoding = 4; lastKnownFileType = sourcecode.c.objc; path = CTDListOrderTouchMapper.m; sourceTree = "<group>"; };
		4CD4E25D1A084676006A244D /* CTDDelegatingTouchTracker.h */ = {isa = PBXFileReference; fileEncoding = 4; lastKnownFileType = sourcecode.c.h; path = CTDDelegatingTouchTracker.h; sourceTree = "<group>"; };
		4CD4E25E1A084676006A244D /* CTDDelegatingTouchTracker.m */ = {isa = PBXFileReference; fileEncoding = 4; lastKnownFileType = sourcecode.c.objc; path = CTDDelegatingTouchTracker.m; sourceTree = "<group>"; };
		4CD4E2601A0940B9006A244D /* CTDModelTests-Prefix.pch */ = {isa = PBXFileReference; fileEncoding = 4; lastKnownFileType = sourcecode.c.h; path = "CTDModelTests-Prefix.pch"; sourceTree = "<group>"; };
		4CD4E2991A0949A6006A244D /* CTDApplicationTests-Prefix.pch */ = {isa = PBXFileReference; fileEncoding = 4; lastKnownFileType = sourcecode.c.h; path = "CTDApplicationTests-Prefix.pch"; sourceTree = "<group>"; };
		4CD4E29A1A094A8C006A244D /* CTDUtilityTests.m */ = {isa = PBXFileReference; fileEncoding = 4; lastKnownFileType = sourcecode.c.objc; name = CTDUtilityTests.m; path = CTDUtility/Tests/CTDUtilityTests.m; sourceTree = SOURCE_ROOT; };
		4CD4E29C1A094B7D006A244D /* CTDUtilityTests-Prefix.pch */ = {isa = PBXFileReference; fileEncoding = 4; lastKnownFileType = sourcecode.c.h; name = "CTDUtilityTests-Prefix.pch"; path = "CTDUtility/Tests/CTDUtilityTests-Prefix.pch"; sourceTree = SOURCE_ROOT; };
		4CEBCA0719BB564600D2B498 /* ConnectTheDots2.app */ = {isa = PBXFileReference; explicitFileType = wrapper.application; includeInIndex = 0; path = ConnectTheDots2.app; sourceTree = BUILT_PRODUCTS_DIR; };
		4CEBCA0A19BB564600D2B498 /* Foundation.framework */ = {isa = PBXFileReference; lastKnownFileType = wrapper.framework; name = Foundation.framework; path = System/Library/Frameworks/Foundation.framework; sourceTree = SDKROOT; };
		4CEBCA0C19BB564600D2B498 /* CoreGraphics.framework */ = {isa = PBXFileReference; lastKnownFileType = wrapper.framework; name = CoreGraphics.framework; path = System/Library/Frameworks/CoreGraphics.framework; sourceTree = SDKROOT; };
		4CEBCA0E19BB564600D2B498 /* UIKit.framework */ = {isa = PBXFileReference; lastKnownFileType = wrapper.framework; name = UIKit.framework; path = System/Library/Frameworks/UIKit.framework; sourceTree = SDKROOT; };
		4CEBCA1219BB564600D2B498 /* CTDApplication-Info.plist */ = {isa = PBXFileReference; lastKnownFileType = text.plist.xml; path = "CTDApplication-Info.plist"; sourceTree = "<group>"; };
		4CEBCA1419BB564600D2B498 /* en */ = {isa = PBXFileReference; lastKnownFileType = text.plist.strings; name = en; path = en.lproj/InfoPlist.strings; sourceTree = "<group>"; };
		4CEBCA1619BB564600D2B498 /* main.m */ = {isa = PBXFileReference; lastKnownFileType = sourcecode.c.objc; path = main.m; sourceTree = "<group>"; };
		4CEBCA1819BB564600D2B498 /* CTDApplication-Prefix.pch */ = {isa = PBXFileReference; lastKnownFileType = sourcecode.c.h; path = "CTDApplication-Prefix.pch"; sourceTree = "<group>"; };
		4CEBCA1919BB564600D2B498 /* CTDAppDelegate.h */ = {isa = PBXFileReference; lastKnownFileType = sourcecode.c.h; path = CTDAppDelegate.h; sourceTree = "<group>"; };
		4CEBCA1A19BB564600D2B498 /* CTDAppDelegate.m */ = {isa = PBXFileReference; lastKnownFileType = sourcecode.c.objc; path = CTDAppDelegate.m; sourceTree = "<group>"; };
		4CEBCA1C19BB564600D2B498 /* Images.xcassets */ = {isa = PBXFileReference; lastKnownFileType = folder.assetcatalog; path = Images.xcassets; sourceTree = "<group>"; };
		4CEBCA2219BB564600D2B498 /* CTDApplicationTests.xctest */ = {isa = PBXFileReference; explicitFileType = wrapper.cfbundle; includeInIndex = 0; path = CTDApplicationTests.xctest; sourceTree = BUILT_PRODUCTS_DIR; };
		4CEBCA2319BB564600D2B498 /* XCTest.framework */ = {isa = PBXFileReference; lastKnownFileType = wrapper.framework; name = XCTest.framework; path = Library/Frameworks/XCTest.framework; sourceTree = DEVELOPER_DIR; };
		4CEBCA2B19BB564600D2B498 /* CTDApplicationTests-Info.plist */ = {isa = PBXFileReference; lastKnownFileType = text.plist.xml; path = "CTDApplicationTests-Info.plist"; sourceTree = "<group>"; };
		4CEBCA2D19BB564600D2B498 /* en */ = {isa = PBXFileReference; lastKnownFileType = text.plist.strings; name = en; path = en.lproj/InfoPlist.strings; sourceTree = "<group>"; };
		4CEBCA2F19BB564600D2B498 /* CTDApplicationTests.m */ = {isa = PBXFileReference; lastKnownFileType = sourcecode.c.objc; path = CTDApplicationTests.m; sourceTree = "<group>"; };
		4CEBCA4919BB601300D2B498 /* ConnectTheDots-AllTests.xcconfig */ = {isa = PBXFileReference; lastKnownFileType = text.xcconfig; name = "ConnectTheDots-AllTests.xcconfig"; path = "BuildConfiguration/ConnectTheDots-AllTests.xcconfig"; sourceTree = "<group>"; };
		4CEBCA4A19BB601300D2B498 /* ConnectTheDots-Common.xcconfig */ = {isa = PBXFileReference; lastKnownFileType = text.xcconfig; name = "ConnectTheDots-Common.xcconfig"; path = "BuildConfiguration/ConnectTheDots-Common.xcconfig"; sourceTree = "<group>"; };
		4CEBCA4B19BB601300D2B498 /* ConnectTheDots-Debug.xcconfig */ = {isa = PBXFileReference; lastKnownFileType = text.xcconfig; name = "ConnectTheDots-Debug.xcconfig"; path = "BuildConfiguration/ConnectTheDots-Debug.xcconfig"; sourceTree = "<group>"; };
		4CEBCA4C19BB601300D2B498 /* ConnectTheDots-Release.xcconfig */ = {isa = PBXFileReference; lastKnownFileType = text.xcconfig; name = "ConnectTheDots-Release.xcconfig"; path = "BuildConfiguration/ConnectTheDots-Release.xcconfig"; sourceTree = "<group>"; };
		4CEBCA4D19BB601300D2B498 /* CTDApplication.xcconfig */ = {isa = PBXFileReference; lastKnownFileType = text.xcconfig; name = CTDApplication.xcconfig; path = BuildConfiguration/CTDApplication.xcconfig; sourceTree = "<group>"; };
		4CEBCA4E19BB601300D2B498 /* General-Common-StaticLibrary.xcconfig */ = {isa = PBXFileReference; lastKnownFileType = text.xcconfig; name = "General-Common-StaticLibrary.xcconfig"; path = "BuildConfiguration/General-Common-StaticLibrary.xcconfig"; sourceTree = "<group>"; };
		4CEBCA4F19BB601300D2B498 /* General-Common.xcconfig */ = {isa = PBXFileReference; lastKnownFileType = text.xcconfig; name = "General-Common.xcconfig"; path = "BuildConfiguration/General-Common.xcconfig"; sourceTree = "<group>"; };
		4CEBCA5019BB601300D2B498 /* General-Debug.xcconfig */ = {isa = PBXFileReference; lastKnownFileType = text.xcconfig; name = "General-Debug.xcconfig"; path = "BuildConfiguration/General-Debug.xcconfig"; sourceTree = "<group>"; };
		4CEBCA5119BB601300D2B498 /* General-Release.xcconfig */ = {isa = PBXFileReference; lastKnownFileType = text.xcconfig; name = "General-Release.xcconfig"; path = "BuildConfiguration/General-Release.xcconfig"; sourceTree = "<group>"; };
		4CEBCA5219BB601300D2B498 /* General-Tests.xcconfig */ = {isa = PBXFileReference; lastKnownFileType = text.xcconfig; name = "General-Tests.xcconfig"; path = "BuildConfiguration/General-Tests.xcconfig"; sourceTree = "<group>"; };
		4CEBCA5719BB77C400D2B498 /* libCTDModel.a */ = {isa = PBXFileReference; explicitFileType = archive.ar; includeInIndex = 0; path = libCTDModel.a; sourceTree = BUILT_PRODUCTS_DIR; };
		4CEBCA5B19BB77C400D2B498 /* CTDModel-Prefix.pch */ = {isa = PBXFileReference; lastKnownFileType = sourcecode.c.h; path = "CTDModel-Prefix.pch"; sourceTree = "<group>"; };
		4CEBCA5C19BB77C400D2B498 /* CTDModel.h */ = {isa = PBXFileReference; lastKnownFileType = sourcecode.c.h; path = CTDModel.h; sourceTree = "<group>"; };
		4CEBCA5E19BB77C400D2B498 /* CTDModel.m */ = {isa = PBXFileReference; lastKnownFileType = sourcecode.c.objc; path = CTDModel.m; sourceTree = "<group>"; };
		4CEBCA6419BB77C400D2B498 /* CTDModelTests.xctest */ = {isa = PBXFileReference; explicitFileType = wrapper.cfbundle; includeInIndex = 0; path = CTDModelTests.xctest; sourceTree = BUILT_PRODUCTS_DIR; };
		4CEBCA6D19BB77C400D2B498 /* CTDModelTests-Info.plist */ = {isa = PBXFileReference; lastKnownFileType = text.plist; path = "CTDModelTests-Info.plist"; sourceTree = "<group>"; };
		4CEBCA6F19BB77C400D2B498 /* en */ = {isa = PBXFileReference; lastKnownFileType = text.plist.strings; name = en; path = en.lproj/InfoPlist.strings; sourceTree = "<group>"; };
		4CEBCA7119BB77C400D2B498 /* CTDModelTests.m */ = {isa = PBXFileReference; lastKnownFileType = sourcecode.c.objc; path = CTDModelTests.m; sourceTree = "<group>"; };
		4CEBCA7D19BB77D200D2B498 /* libCTDPresentation.a */ = {isa = PBXFileReference; explicitFileType = archive.ar; includeInIndex = 0; path = libCTDPresentation.a; sourceTree = BUILT_PRODUCTS_DIR; };
		4CEBCA8119BB77D300D2B498 /* CTDPresentation-Prefix.pch */ = {isa = PBXFileReference; lastKnownFileType = sourcecode.c.h; path = "CTDPresentation-Prefix.pch"; sourceTree = "<group>"; };
		4CEBCA8A19BB77D300D2B498 /* CTDPresentationTests.xctest */ = {isa = PBXFileReference; explicitFileType = wrapper.cfbundle; includeInIndex = 0; path = CTDPresentationTests.xctest; sourceTree = BUILT_PRODUCTS_DIR; };
		4CEBCA9319BB77D300D2B498 /* CTDPresentationTests-Info.plist */ = {isa = PBXFileReference; lastKnownFileType = text.plist; path = "CTDPresentationTests-Info.plist"; sourceTree = "<group>"; };
		4CEBCA9519BB77D300D2B498 /* en */ = {isa = PBXFileReference; lastKnownFileType = text.plist.strings; name = en; path = en.lproj/InfoPlist.strings; sourceTree = "<group>"; };
		4CEBCA9F19BB784800D2B498 /* CTDModel.xcconfig */ = {isa = PBXFileReference; fileEncoding = 4; lastKnownFileType = text.xcconfig; name = CTDModel.xcconfig; path = BuildConfiguration/CTDModel.xcconfig; sourceTree = "<group>"; };
		4CEBCAA019BB784800D2B498 /* CTDModelTests.xcconfig */ = {isa = PBXFileReference; fileEncoding = 4; lastKnownFileType = text.xcconfig; name = CTDModelTests.xcconfig; path = BuildConfiguration/CTDModelTests.xcconfig; sourceTree = "<group>"; };
		4CEBCAA119BB784800D2B498 /* CTDPresentation.xcconfig */ = {isa = PBXFileReference; fileEncoding = 4; lastKnownFileType = text.xcconfig; name = CTDPresentation.xcconfig; path = BuildConfiguration/CTDPresentation.xcconfig; sourceTree = "<group>"; };
		4CEBCAA219BB784800D2B498 /* CTDPresentationTests.xcconfig */ = {isa = PBXFileReference; fileEncoding = 4; lastKnownFileType = text.xcconfig; name = CTDPresentationTests.xcconfig; path = BuildConfiguration/CTDPresentationTests.xcconfig; sourceTree = "<group>"; };
		4CEBCAB219BB955700D2B498 /* CTDPresentationTests-Prefix.pch */ = {isa = PBXFileReference; lastKnownFileType = sourcecode.c.h; path = "CTDPresentationTests-Prefix.pch"; sourceTree = "<group>"; };
		4CEBCAB319BB964300D2B498 /* CTDApplicationTests.xcconfig */ = {isa = PBXFileReference; lastKnownFileType = text.xcconfig; name = CTDApplicationTests.xcconfig; path = BuildConfiguration/CTDApplicationTests.xcconfig; sourceTree = "<group>"; };
		4CEBCAB419BC97ED00D2B498 /* CTDUIKitConnectSceneViewController.h */ = {isa = PBXFileReference; fileEncoding = 4; lastKnownFileType = sourcecode.c.h; path = CTDUIKitConnectSceneViewController.h; sourceTree = "<group>"; };
		4CEBCAB519BC97ED00D2B498 /* CTDUIKitConnectSceneViewController.m */ = {isa = PBXFileReference; fileEncoding = 4; lastKnownFileType = sourcecode.c.objc; path = CTDUIKitConnectSceneViewController.m; sourceTree = "<group>"; };
		4CEBCAB619BC97ED00D2B498 /* CTDUIKitConnectSceneViewController.xib */ = {isa = PBXFileReference; fileEncoding = 4; lastKnownFileType = file.xib; path = CTDUIKitConnectSceneViewController.xib; sourceTree = "<group>"; };
		4CEBCAC019BCD54D00D2B498 /* CTDUIKitTargetView.h */ = {isa = PBXFileReference; fileEncoding = 4; lastKnownFileType = sourcecode.c.h; path = CTDUIKitTargetView.h; sourceTree = "<group>"; };
		4CEBCAC119BCD54D00D2B498 /* CTDUIKitTargetView.m */ = {isa = PBXFileReference; fileEncoding = 4; lastKnownFileType = sourcecode.c.objc; path = CTDUIKitTargetView.m; sourceTree = "<group>"; };
		4CEBCAC519BCFD3A00D2B498 /* QuartzCore.framework */ = {isa = PBXFileReference; lastKnownFileType = wrapper.framework; name = QuartzCore.framework; path = System/Library/Frameworks/QuartzCore.framework; sourceTree = SDKROOT; };
		4CEBCACD19BD26D600D2B498 /* CTDUIKitToolbar.h */ = {isa = PBXFileReference; fileEncoding = 4; lastKnownFileType = sourcecode.c.h; path = CTDUIKitToolbar.h; sourceTree = "<group>"; };
		4CEBCACE19BD26D600D2B498 /* CTDUIKitToolbar.m */ = {isa = PBXFileReference; fileEncoding = 4; lastKnownFileType = sourcecode.c.objc; path = CTDUIKitToolbar.m; sourceTree = "<group>"; };
		4CEBCAD019BD2F8000D2B498 /* CTDCoreGraphicsUtils.c */ = {isa = PBXFileReference; fileEncoding = 4; lastKnownFileType = sourcecode.c.c; path = CTDCoreGraphicsUtils.c; sourceTree = "<group>"; };
		4CEBCAD119BD2F8000D2B498 /* CTDCoreGraphicsUtils.h */ = {isa = PBXFileReference; fileEncoding = 4; lastKnownFileType = sourcecode.c.h; path = CTDCoreGraphicsUtils.h; sourceTree = "<group>"; };
		4CFDEE8F19C609440041B910 /* CTDMethodAnnotations.h */ = {isa = PBXFileReference; fileEncoding = 4; lastKnownFileType = sourcecode.c.h; path = CTDMethodAnnotations.h; sourceTree = "<group>"; };
		4CFDEE9319C619560041B910 /* CTDUIKitTargetSelectionIndicatorController.h */ = {isa = PBXFileReference; fileEncoding = 4; lastKnownFileType = sourcecode.c.h; path = CTDUIKitTargetSelectionIndicatorController.h; sourceTree = "<group>"; };
		4CFDEE9419C619560041B910 /* CTDUIKitTargetSelectionIndicatorController.m */ = {isa = PBXFileReference; fileEncoding = 4; lastKnownFileType = sourcecode.c.objc; path = CTDUIKitTargetSelectionIndicatorController.m; sourceTree = "<group>"; };
		4CFDEE9719C61B740041B910 /* CTDAnimationUtils.h */ = {isa = PBXFileReference; fileEncoding = 4; lastKnownFileType = sourcecode.c.h; path = CTDAnimationUtils.h; sourceTree = "<group>"; };
		4CFDEE9819C61B740041B910 /* CTDAnimationUtils.m */ = {isa = PBXFileReference; fileEncoding = 4; lastKnownFileType = sourcecode.c.objc; path = CTDAnimationUtils.m; sourceTree = "<group>"; };
		4CFDEEA619C631880041B910 /* CAAnimation+CTDAnimationConstruction.h */ = {isa = PBXFileReference; fileEncoding = 4; lastKnownFileType = sourcecode.c.h; path = "CAAnimation+CTDAnimationConstruction.h"; sourceTree = "<group>"; };
		4CFDEEA719C631880041B910 /* CAAnimation+CTDAnimationConstruction.m */ = {isa = PBXFileReference; fileEncoding = 4; lastKnownFileType = sourcecode.c.objc; path = "CAAnimation+CTDAnimationConstruction.m"; sourceTree = "<group>"; };
		4CFDEEA919C63C670041B910 /* CALayer+CTDAnimationSupport.h */ = {isa = PBXFileReference; fileEncoding = 4; lastKnownFileType = sourcecode.c.h; path = "CALayer+CTDAnimationSupport.h"; sourceTree = "<group>"; };
		4CFDEEAA19C63C670041B910 /* CALayer+CTDAnimationSupport.m */ = {isa = PBXFileReference; fileEncoding = 4; lastKnownFileType = sourcecode.c.objc; path = "CALayer+CTDAnimationSupport.m"; sourceTree = "<group>"; };
		4CFDEEAC19C683450041B910 /* CTDExerciseSceneTouchRouter.h */ = {isa = PBXFileReference; fileEncoding = 4; lastKnownFileType = sourcecode.c.h; path = CTDExerciseSceneTouchRouter.h; sourceTree = "<group>"; };
		4CFDEEAD19C683450041B910 /* CTDExerciseSceneTouchRouter.m */ = {isa = PBXFileReference; fileEncoding = 4; lastKnownFileType = sourcecode.c.objc; path = CTDExerciseSceneTouchRouter.m; sourceTree = "<group>"; };
		4CFDEEB619C688CF0041B910 /* libCTDUtility.a */ = {isa = PBXFileReference; explicitFileType = archive.ar; includeInIndex = 0; path = libCTDUtility.a; sourceTree = BUILT_PRODUCTS_DIR; };
		4CFDEEBA19C688D00041B910 /* CTDUtility-Prefix.pch */ = {isa = PBXFileReference; lastKnownFileType = sourcecode.c.h; path = "CTDUtility-Prefix.pch"; sourceTree = "<group>"; };
		4CFDEEC319C688D00041B910 /* CTDUtilityTests.xctest */ = {isa = PBXFileReference; explicitFileType = wrapper.cfbundle; includeInIndex = 0; path = CTDUtilityTests.xctest; sourceTree = BUILT_PRODUCTS_DIR; };
		4CFDEECC19C688D00041B910 /* CTDUtilityTests-Info.plist */ = {isa = PBXFileReference; lastKnownFileType = text.plist.xml; path = "CTDUtilityTests-Info.plist"; sourceTree = "<group>"; };
		4CFDEECE19C688D00041B910 /* en */ = {isa = PBXFileReference; lastKnownFileType = text.plist.strings; name = en; path = en.lproj/InfoPlist.strings; sourceTree = "<group>"; };
		4CFDEED819C689260041B910 /* CTDUtility.xcconfig */ = {isa = PBXFileReference; lastKnownFileType = text.xcconfig; name = CTDUtility.xcconfig; path = BuildConfiguration/CTDUtility.xcconfig; sourceTree = "<group>"; };
		4CFDEED919C689500041B910 /* CTDUtilityTests.xcconfig */ = {isa = PBXFileReference; lastKnownFileType = text.xcconfig; name = CTDUtilityTests.xcconfig; path = BuildConfiguration/CTDUtilityTests.xcconfig; sourceTree = "<group>"; };
		4CFDEEDC19C68B070041B910 /* CTDPoint.h */ = {isa = PBXFileReference; fileEncoding = 4; lastKnownFileType = sourcecode.c.h; path = CTDPoint.h; sourceTree = "<group>"; };
		4CFDEEDD19C68B070041B910 /* CTDPoint.m */ = {isa = PBXFileReference; fileEncoding = 4; lastKnownFileType = sourcecode.c.objc; path = CTDPoint.m; sourceTree = "<group>"; };
		4CFDEEDF19C68D640041B910 /* CTDTouchResponder.h */ = {isa = PBXFileReference; lastKnownFileType = sourcecode.c.h; path = CTDTouchResponder.h; sourceTree = "<group>"; };
		4CFDEEE019C694C90041B910 /* CTDTargetView.h */ = {isa = PBXFileReference; lastKnownFileType = sourcecode.c.h; path = CTDTargetView.h; sourceTree = "<group>"; };
		4CFDEEE119C698520041B910 /* CTDTargetSetPresenter.h */ = {isa = PBXFileReference; fileEncoding = 4; lastKnownFileType = sourcecode.c.h; path = CTDTargetSetPresenter.h; sourceTree = "<group>"; };
		4CFDEEE219C698520041B910 /* CTDTargetSetPresenter.m */ = {isa = PBXFileReference; fileEncoding = 4; lastKnownFileType = sourcecode.c.objc; path = CTDTargetSetPresenter.m; sourceTree = "<group>"; };
		4CFDEEED19C720710041B910 /* CTDApplication.h */ = {isa = PBXFileReference; fileEncoding = 4; lastKnownFileType = sourcecode.c.h; path = CTDApplication.h; sourceTree = "<group>"; };
		4CFDEEEE19C720710041B910 /* CTDApplication.m */ = {isa = PBXFileReference; fileEncoding = 4; lastKnownFileType = sourcecode.c.objc; path = CTDApplication.m; sourceTree = "<group>"; };
		4CFDEEF219C762580041B910 /* CTDPoint+CGConversion.h */ = {isa = PBXFileReference; fileEncoding = 4; lastKnownFileType = sourcecode.c.h; path = "CTDPoint+CGConversion.h"; sourceTree = "<group>"; };
		4CFDEEF319C762580041B910 /* CTDPoint+CGConversion.m */ = {isa = PBXFileReference; fileEncoding = 4; lastKnownFileType = sourcecode.c.objc; path = "CTDPoint+CGConversion.m"; sourceTree = "<group>"; };
/* End PBXFileReference section */

/* Begin PBXFrameworksBuildPhase section */
		4CEBCA0419BB564600D2B498 /* Frameworks */ = {
			isa = PBXFrameworksBuildPhase;
			buildActionMask = 2147483647;
			files = (
				4CFDEEE819C69F4A0041B910 /* libCTDUtility.a in Frameworks */,
				4CEBCAAF19BB928B00D2B498 /* libCTDModel.a in Frameworks */,
				4CEBCAB019BB928B00D2B498 /* libCTDPresentation.a in Frameworks */,
				4CEBCA0D19BB564600D2B498 /* CoreGraphics.framework in Frameworks */,
				4CEBCA0B19BB564600D2B498 /* Foundation.framework in Frameworks */,
				4CEBCAC619BCFD3A00D2B498 /* QuartzCore.framework in Frameworks */,
				4CEBCA0F19BB564600D2B498 /* UIKit.framework in Frameworks */,
			);
			runOnlyForDeploymentPostprocessing = 0;
		};
		4CEBCA1F19BB564600D2B498 /* Frameworks */ = {
			isa = PBXFrameworksBuildPhase;
			buildActionMask = 2147483647;
			files = (
				4CEBCA2419BB564600D2B498 /* XCTest.framework in Frameworks */,
				4CEBCA2619BB564600D2B498 /* UIKit.framework in Frameworks */,
				4CEBCA2519BB564600D2B498 /* Foundation.framework in Frameworks */,
			);
			runOnlyForDeploymentPostprocessing = 0;
		};
		4CEBCA5419BB77C400D2B498 /* Frameworks */ = {
			isa = PBXFrameworksBuildPhase;
			buildActionMask = 2147483647;
			files = (
				4CEBCA5819BB77C400D2B498 /* Foundation.framework in Frameworks */,
			);
			runOnlyForDeploymentPostprocessing = 0;
		};
		4CEBCA6119BB77C400D2B498 /* Frameworks */ = {
			isa = PBXFrameworksBuildPhase;
			buildActionMask = 2147483647;
			files = (
				4CEBCA6A19BB77C400D2B498 /* libCTDModel.a in Frameworks */,
				4CEBCA6519BB77C400D2B498 /* XCTest.framework in Frameworks */,
				4CEBCA6619BB77C400D2B498 /* Foundation.framework in Frameworks */,
			);
			runOnlyForDeploymentPostprocessing = 0;
		};
		4CEBCA7A19BB77D200D2B498 /* Frameworks */ = {
			isa = PBXFrameworksBuildPhase;
			buildActionMask = 2147483647;
			files = (
				4CEBCA7E19BB77D300D2B498 /* Foundation.framework in Frameworks */,
			);
			runOnlyForDeploymentPostprocessing = 0;
		};
		4CEBCA8719BB77D300D2B498 /* Frameworks */ = {
			isa = PBXFrameworksBuildPhase;
			buildActionMask = 2147483647;
			files = (
				4CD4E2961A094679006A244D /* libCTDModel.a in Frameworks */,
				4CD4E2951A09466C006A244D /* libCTDUtility.a in Frameworks */,
				4CEBCA9019BB77D300D2B498 /* libCTDPresentation.a in Frameworks */,
				4CEBCA8B19BB77D300D2B498 /* XCTest.framework in Frameworks */,
				4CEBCA8C19BB77D300D2B498 /* Foundation.framework in Frameworks */,
			);
			runOnlyForDeploymentPostprocessing = 0;
		};
		4CFDEEB319C688CF0041B910 /* Frameworks */ = {
			isa = PBXFrameworksBuildPhase;
			buildActionMask = 2147483647;
			files = (
				4CFDEEB719C688D00041B910 /* Foundation.framework in Frameworks */,
			);
			runOnlyForDeploymentPostprocessing = 0;
		};
		4CFDEEC019C688D00041B910 /* Frameworks */ = {
			isa = PBXFrameworksBuildPhase;
			buildActionMask = 2147483647;
			files = (
				4CFDEEC919C688D00041B910 /* libCTDUtility.a in Frameworks */,
				4CFDEEC419C688D00041B910 /* XCTest.framework in Frameworks */,
				4CFDEEC519C688D00041B910 /* Foundation.framework in Frameworks */,
			);
			runOnlyForDeploymentPostprocessing = 0;
		};
/* End PBXFrameworksBuildPhase section */

/* Begin PBXGroup section */
		4C5A56A319E1C66700E994CB /* Interactions (Touch) */ = {
			isa = PBXGroup;
			children = (
				4CD4E2591A080BBC006A244D /* CTDTouchMapper.h */,
				4CD4E25A1A080D61006A244D /* CTDListOrderTouchMapper.h */,
				4CD4E25B1A080D61006A244D /* CTDListOrderTouchMapper.m */,
				4CD4E25D1A084676006A244D /* CTDDelegatingTouchTracker.h */,
				4CD4E25E1A084676006A244D /* CTDDelegatingTouchTracker.m */,
				4C5A568E19E1C37A00E994CB /* CTDSelectOnTouchInteraction.h */,
				4C5A568F19E1C37A00E994CB /* CTDSelectOnTouchInteraction.m */,
				4C5A569D19E1C65600E994CB /* CTDConnectionTouchInteraction.h */,
				4C5A569E19E1C65600E994CB /* CTDConnectionTouchInteraction.m */,
			);
			name = "Interactions (Touch)";
			sourceTree = "<group>";
		};
		4CEBC9FE19BB564600D2B498 = {
			isa = PBXGroup;
			children = (
				4CEBCA1019BB564600D2B498 /* CTDApplication */,
				4CEBCA7F19BB77D300D2B498 /* CTDPresentation */,
				4CEBCA5919BB77C400D2B498 /* CTDModel */,
				4CFDEEB819C688D00041B910 /* CTDUtility */,
				4CFDEE8E19C609440041B910 /* Common */,
				4CEBCA4819BB5FD900D2B498 /* BuildConfiguration */,
				4CEBCA0919BB564600D2B498 /* Frameworks */,
				4CEBCA0819BB564600D2B498 /* Products */,
			);
			sourceTree = "<group>";
		};
		4CEBCA0819BB564600D2B498 /* Products */ = {
			isa = PBXGroup;
			children = (
				4CEBCA0719BB564600D2B498 /* ConnectTheDots2.app */,
				4CEBCA2219BB564600D2B498 /* CTDApplicationTests.xctest */,
				4CEBCA5719BB77C400D2B498 /* libCTDModel.a */,
				4CEBCA6419BB77C400D2B498 /* CTDModelTests.xctest */,
				4CEBCA7D19BB77D200D2B498 /* libCTDPresentation.a */,
				4CEBCA8A19BB77D300D2B498 /* CTDPresentationTests.xctest */,
				4CFDEEB619C688CF0041B910 /* libCTDUtility.a */,
				4CFDEEC319C688D00041B910 /* CTDUtilityTests.xctest */,
			);
			name = Products;
			sourceTree = "<group>";
		};
		4CEBCA0919BB564600D2B498 /* Frameworks */ = {
			isa = PBXGroup;
			children = (
				4CEBCAC519BCFD3A00D2B498 /* QuartzCore.framework */,
				4CEBCA0A19BB564600D2B498 /* Foundation.framework */,
				4CEBCA0C19BB564600D2B498 /* CoreGraphics.framework */,
				4CEBCA0E19BB564600D2B498 /* UIKit.framework */,
				4CEBCA2319BB564600D2B498 /* XCTest.framework */,
			);
			name = Frameworks;
			sourceTree = "<group>";
		};
		4CEBCA1019BB564600D2B498 /* CTDApplication */ = {
			isa = PBXGroup;
			children = (
				4CEBCA1619BB564600D2B498 /* main.m */,
				4CEBCA1919BB564600D2B498 /* CTDAppDelegate.h */,
				4CEBCA1A19BB564600D2B498 /* CTDAppDelegate.m */,
				4C5A56AA19E20CC200E994CB /* CTDUIKitDrawingConfig.h */,
				4C5A56AB19E20CC200E994CB /* CTDUIKitDrawingConfig.m */,
				4CEBCAB419BC97ED00D2B498 /* CTDUIKitConnectSceneViewController.h */,
				4CEBCAB519BC97ED00D2B498 /* CTDUIKitConnectSceneViewController.m */,
				4CEBCAC019BCD54D00D2B498 /* CTDUIKitTargetView.h */,
				4CEBCAC119BCD54D00D2B498 /* CTDUIKitTargetView.m */,
				4CFDEE9319C619560041B910 /* CTDUIKitTargetSelectionIndicatorController.h */,
				4CFDEE9419C619560041B910 /* CTDUIKitTargetSelectionIndicatorController.m */,
				4C5A56A719E20A2A00E994CB /* CTDUIKitConnectionView.h */,
				4C5A56A819E20A2A00E994CB /* CTDUIKitConnectionView.m */,
				4CEBCACD19BD26D600D2B498 /* CTDUIKitToolbar.h */,
				4CEBCACE19BD26D600D2B498 /* CTDUIKitToolbar.m */,
				4CEBCA1119BB564600D2B498 /* Supporting Files */,
				4CEBCAB919BC980300D2B498 /* Resources */,
				4CEBCA2919BB564600D2B498 /* Tests */,
			);
			name = CTDApplication;
			path = CTDApplication/Implementation;
			sourceTree = "<group>";
		};
		4CEBCA1119BB564600D2B498 /* Supporting Files */ = {
			isa = PBXGroup;
			children = (
				4CEBCA1819BB564600D2B498 /* CTDApplication-Prefix.pch */,
				4CEBCA1219BB564600D2B498 /* CTDApplication-Info.plist */,
				4CEBCA1319BB564600D2B498 /* InfoPlist.strings */,
				4CFDEE9719C61B740041B910 /* CTDAnimationUtils.h */,
				4CFDEE9819C61B740041B910 /* CTDAnimationUtils.m */,
				4CEBCAD119BD2F8000D2B498 /* CTDCoreGraphicsUtils.h */,
				4CEBCAD019BD2F8000D2B498 /* CTDCoreGraphicsUtils.c */,
				4CFDEEA619C631880041B910 /* CAAnimation+CTDAnimationConstruction.h */,
				4CFDEEA719C631880041B910 /* CAAnimation+CTDAnimationConstruction.m */,
				4CFDEEA919C63C670041B910 /* CALayer+CTDAnimationSupport.h */,
				4CFDEEAA19C63C670041B910 /* CALayer+CTDAnimationSupport.m */,
				4CFDEEF219C762580041B910 /* CTDPoint+CGConversion.h */,
				4CFDEEF319C762580041B910 /* CTDPoint+CGConversion.m */,
			);
			name = "Supporting Files";
			sourceTree = "<group>";
		};
		4CEBCA2919BB564600D2B498 /* Tests */ = {
			isa = PBXGroup;
			children = (
				4CEBCA2F19BB564600D2B498 /* CTDApplicationTests.m */,
				4CEBCA2A19BB564600D2B498 /* Supporting Files */,
			);
			name = Tests;
			path = ../Tests;
			sourceTree = "<group>";
		};
		4CEBCA2A19BB564600D2B498 /* Supporting Files */ = {
			isa = PBXGroup;
			children = (
				4CD4E2991A0949A6006A244D /* CTDApplicationTests-Prefix.pch */,
				4CEBCA2B19BB564600D2B498 /* CTDApplicationTests-Info.plist */,
				4CEBCA2C19BB564600D2B498 /* InfoPlist.strings */,
			);
			name = "Supporting Files";
			sourceTree = "<group>";
		};
		4CEBCA4819BB5FD900D2B498 /* BuildConfiguration */ = {
			isa = PBXGroup;
			children = (
				4CEBCA4F19BB601300D2B498 /* General-Common.xcconfig */,
				4CEBCA4E19BB601300D2B498 /* General-Common-StaticLibrary.xcconfig */,
				4CEBCA5019BB601300D2B498 /* General-Debug.xcconfig */,
				4CEBCA5119BB601300D2B498 /* General-Release.xcconfig */,
				4CEBCA5219BB601300D2B498 /* General-Tests.xcconfig */,
				4CEBCA4A19BB601300D2B498 /* ConnectTheDots-Common.xcconfig */,
				4CEBCA4B19BB601300D2B498 /* ConnectTheDots-Debug.xcconfig */,
				4CEBCA4C19BB601300D2B498 /* ConnectTheDots-Release.xcconfig */,
				4CEBCA4919BB601300D2B498 /* ConnectTheDots-AllTests.xcconfig */,
				4CEBCA4D19BB601300D2B498 /* CTDApplication.xcconfig */,
				4CEBCAB319BB964300D2B498 /* CTDApplicationTests.xcconfig */,
				4CEBCA9F19BB784800D2B498 /* CTDModel.xcconfig */,
				4CEBCAA019BB784800D2B498 /* CTDModelTests.xcconfig */,
				4CEBCAA119BB784800D2B498 /* CTDPresentation.xcconfig */,
				4CEBCAA219BB784800D2B498 /* CTDPresentationTests.xcconfig */,
				4CFDEED819C689260041B910 /* CTDUtility.xcconfig */,
				4CFDEED919C689500041B910 /* CTDUtilityTests.xcconfig */,
			);
			name = BuildConfiguration;
			sourceTree = "<group>";
		};
		4CEBCA5919BB77C400D2B498 /* CTDModel */ = {
			isa = PBXGroup;
			children = (
				4CEBCAA919BB8E9500D2B498 /* Interface */,
				4CEBCAAA19BB8E9B00D2B498 /* Implementation */,
				4CEBCA6B19BB77C400D2B498 /* Tests */,
			);
			path = CTDModel;
			sourceTree = "<group>";
		};
		4CEBCA6B19BB77C400D2B498 /* Tests */ = {
			isa = PBXGroup;
			children = (
				4CEBCA7119BB77C400D2B498 /* CTDModelTests.m */,
				4CEBCA6C19BB77C400D2B498 /* Supporting Files */,
			);
			name = Tests;
			path = CTDModel/Tests;
			sourceTree = SOURCE_ROOT;
		};
		4CEBCA6C19BB77C400D2B498 /* Supporting Files */ = {
			isa = PBXGroup;
			children = (
				4CD4E2601A0940B9006A244D /* CTDModelTests-Prefix.pch */,
				4CEBCA6D19BB77C400D2B498 /* CTDModelTests-Info.plist */,
				4CEBCA6E19BB77C400D2B498 /* InfoPlist.strings */,
			);
			name = "Supporting Files";
			sourceTree = "<group>";
		};
		4CEBCA7F19BB77D300D2B498 /* CTDPresentation */ = {
			isa = PBXGroup;
			children = (
				4CEBCAA719BB8DAB00D2B498 /* Interface */,
				4CEBCAA819BB8DBF00D2B498 /* Implementation */,
				4CEBCA9119BB77D300D2B498 /* Tests */,
			);
			name = CTDPresentation;
			path = CTDPresentation/Implementation;
			sourceTree = "<group>";
		};
		4CEBCA9119BB77D300D2B498 /* Tests */ = {
			isa = PBXGroup;
			children = (
				4C1F86471A094D2A001A3F0F /* CTDExerciseSceneTouchRouterTests.m */,
				4CEBCA9219BB77D300D2B498 /* Supporting Files */,
			);
			name = Tests;
			path = CTDPresentation/Tests;
			sourceTree = SOURCE_ROOT;
		};
		4CEBCA9219BB77D300D2B498 /* Supporting Files */ = {
			isa = PBXGroup;
			children = (
				4CEBCAB219BB955700D2B498 /* CTDPresentationTests-Prefix.pch */,
				4CEBCA9319BB77D300D2B498 /* CTDPresentationTests-Info.plist */,
				4CEBCA9419BB77D300D2B498 /* InfoPlist.strings */,
			);
			name = "Supporting Files";
			sourceTree = "<group>";
		};
		4CEBCAA719BB8DAB00D2B498 /* Interface */ = {
			isa = PBXGroup;
			children = (
				4CFDEEED19C720710041B910 /* CTDApplication.h */,
				4CFDEEE019C694C90041B910 /* CTDTargetView.h */,
				4C5A56A419E1E2F800E994CB /* CTDTargetConnectionView.h */,
				4C5A56A619E1EEF200E994CB /* CTDTargetContainerView.h */,
				4CFDEEDF19C68D640041B910 /* CTDTouchResponder.h */,
				4C5A56AD19E32B4600E994CB /* CTDTouchable.h */,
			);
			name = Interface;
			path = ../Interface/CTDPresentation;
			sourceTree = "<group>";
		};
		4CEBCAA819BB8DBF00D2B498 /* Implementation */ = {
			isa = PBXGroup;
			children = (
				4CEBCA8119BB77D300D2B498 /* CTDPresentation-Prefix.pch */,
				4CFDEEEE19C720710041B910 /* CTDApplication.m */,
				4CFDEEE119C698520041B910 /* CTDTargetSetPresenter.h */,
				4CFDEEE219C698520041B910 /* CTDTargetSetPresenter.m */,
				4CFDEEAC19C683450041B910 /* CTDExerciseSceneTouchRouter.h */,
				4CFDEEAD19C683450041B910 /* CTDExerciseSceneTouchRouter.m */,
				4C5A56A319E1C66700E994CB /* Interactions (Touch) */,
			);
			name = Implementation;
			sourceTree = "<group>";
		};
		4CEBCAA919BB8E9500D2B498 /* Interface */ = {
			isa = PBXGroup;
			children = (
				4CEBCA5C19BB77C400D2B498 /* CTDModel.h */,
			);
			name = Interface;
			path = Interface/CTDModel;
			sourceTree = "<group>";
		};
		4CEBCAAA19BB8E9B00D2B498 /* Implementation */ = {
			isa = PBXGroup;
			children = (
				4CEBCA5B19BB77C400D2B498 /* CTDModel-Prefix.pch */,
				4CEBCA5E19BB77C400D2B498 /* CTDModel.m */,
			);
			path = Implementation;
			sourceTree = "<group>";
		};
		4CEBCAB919BC980300D2B498 /* Resources */ = {
			isa = PBXGroup;
			children = (
				4CEBCA1C19BB564600D2B498 /* Images.xcassets */,
				4CEBCAB619BC97ED00D2B498 /* CTDUIKitConnectSceneViewController.xib */,
			);
			name = Resources;
			sourceTree = "<group>";
		};
		4CFDEE8E19C609440041B910 /* Common */ = {
			isa = PBXGroup;
			children = (
				4CFDEE8F19C609440041B910 /* CTDMethodAnnotations.h */,
			);
			path = Common;
			sourceTree = "<group>";
		};
		4CFDEEB819C688D00041B910 /* CTDUtility */ = {
			isa = PBXGroup;
			children = (
				4CFDEEDB19C68A5C0041B910 /* Interface */,
				4CFDEEDA19C68A440041B910 /* Implementation */,
				4CFDEECA19C688D00041B910 /* Tests */,
			);
			path = CTDUtility;
			sourceTree = "<group>";
		};
		4CFDEECA19C688D00041B910 /* Tests */ = {
			isa = PBXGroup;
			children = (
				4CD4E29A1A094A8C006A244D /* CTDUtilityTests.m */,
				4CFDEECB19C688D00041B910 /* Supporting Files */,
			);
			name = Tests;
			path = CTDUtility/Tests;
			sourceTree = SOURCE_ROOT;
		};
		4CFDEECB19C688D00041B910 /* Supporting Files */ = {
			isa = PBXGroup;
			children = (
				4CD4E29C1A094B7D006A244D /* CTDUtilityTests-Prefix.pch */,
				4CFDEECC19C688D00041B910 /* CTDUtilityTests-Info.plist */,
				4CFDEECD19C688D00041B910 /* InfoPlist.strings */,
			);
			name = "Supporting Files";
			sourceTree = "<group>";
		};
		4CFDEEDA19C68A440041B910 /* Implementation */ = {
			isa = PBXGroup;
			children = (
				4CFDEEBA19C688D00041B910 /* CTDUtility-Prefix.pch */,
				4CFDEEDD19C68B070041B910 /* CTDPoint.m */,
			);
			path = Implementation;
			sourceTree = "<group>";
		};
		4CFDEEDB19C68A5C0041B910 /* Interface */ = {
			isa = PBXGroup;
			children = (
				4CFDEEDC19C68B070041B910 /* CTDPoint.h */,
			);
			name = Interface;
			path = Interface/CTDUtility;
			sourceTree = "<group>";
		};
/* End PBXGroup section */

/* Begin PBXNativeTarget section */
		4CEBCA0619BB564600D2B498 /* CTDApplication */ = {
			isa = PBXNativeTarget;
			buildConfigurationList = 4CEBCA3319BB564600D2B498 /* Build configuration list for PBXNativeTarget "CTDApplication" */;
			buildPhases = (
				4CEBCA0319BB564600D2B498 /* Sources */,
				4CEBCA0419BB564600D2B498 /* Frameworks */,
				4CEBCA0519BB564600D2B498 /* Resources */,
			);
			buildRules = (
			);
			dependencies = (
				4CFDEEE719C69F3C0041B910 /* PBXTargetDependency */,
				4CEBCAAC19BB928400D2B498 /* PBXTargetDependency */,
				4CEBCAAE19BB928400D2B498 /* PBXTargetDependency */,
			);
			name = CTDApplication;
			productName = ConnectTheDots2;
			productReference = 4CEBCA0719BB564600D2B498 /* ConnectTheDots2.app */;
			productType = "com.apple.product-type.application";
		};
		4CEBCA2119BB564600D2B498 /* CTDApplicationTests */ = {
			isa = PBXNativeTarget;
			buildConfigurationList = 4CEBCA3619BB564600D2B498 /* Build configuration list for PBXNativeTarget "CTDApplicationTests" */;
			buildPhases = (
				4CEBCA1E19BB564600D2B498 /* Sources */,
				4CEBCA1F19BB564600D2B498 /* Frameworks */,
				4CEBCA2019BB564600D2B498 /* Resources */,
			);
			buildRules = (
			);
			dependencies = (
				4CEBCA2819BB564600D2B498 /* PBXTargetDependency */,
			);
			name = CTDApplicationTests;
			productName = ConnectTheDots2Tests;
			productReference = 4CEBCA2219BB564600D2B498 /* CTDApplicationTests.xctest */;
			productType = "com.apple.product-type.bundle.unit-test";
		};
		4CEBCA5619BB77C400D2B498 /* CTDModel */ = {
			isa = PBXNativeTarget;
			buildConfigurationList = 4CEBCA7319BB77C500D2B498 /* Build configuration list for PBXNativeTarget "CTDModel" */;
			buildPhases = (
				4CEBCA5319BB77C400D2B498 /* Sources */,
				4CEBCA5419BB77C400D2B498 /* Frameworks */,
				4CEBCA5519BB77C400D2B498 /* CopyFiles */,
			);
			buildRules = (
			);
			dependencies = (
			);
			name = CTDModel;
			productName = CTDModel;
			productReference = 4CEBCA5719BB77C400D2B498 /* libCTDModel.a */;
			productType = "com.apple.product-type.library.static";
		};
		4CEBCA6319BB77C400D2B498 /* CTDModelTests */ = {
			isa = PBXNativeTarget;
			buildConfigurationList = 4CEBCA7619BB77C500D2B498 /* Build configuration list for PBXNativeTarget "CTDModelTests" */;
			buildPhases = (
				4CEBCA6019BB77C400D2B498 /* Sources */,
				4CEBCA6119BB77C400D2B498 /* Frameworks */,
				4CEBCA6219BB77C400D2B498 /* Resources */,
			);
			buildRules = (
			);
			dependencies = (
				4CEBCA6919BB77C400D2B498 /* PBXTargetDependency */,
			);
			name = CTDModelTests;
			productName = CTDModelTests;
			productReference = 4CEBCA6419BB77C400D2B498 /* CTDModelTests.xctest */;
			productType = "com.apple.product-type.bundle.unit-test";
		};
		4CEBCA7C19BB77D200D2B498 /* CTDPresentation */ = {
			isa = PBXNativeTarget;
			buildConfigurationList = 4CEBCA9919BB77D300D2B498 /* Build configuration list for PBXNativeTarget "CTDPresentation" */;
			buildPhases = (
				4CEBCA7919BB77D200D2B498 /* Sources */,
				4CEBCA7A19BB77D200D2B498 /* Frameworks */,
				4CEBCA7B19BB77D200D2B498 /* CopyFiles */,
			);
			buildRules = (
			);
			dependencies = (
			);
			name = CTDPresentation;
			productName = CTDPresentation;
			productReference = 4CEBCA7D19BB77D200D2B498 /* libCTDPresentation.a */;
			productType = "com.apple.product-type.library.static";
		};
		4CEBCA8919BB77D300D2B498 /* CTDPresentationTests */ = {
			isa = PBXNativeTarget;
			buildConfigurationList = 4CEBCA9C19BB77D300D2B498 /* Build configuration list for PBXNativeTarget "CTDPresentationTests" */;
			buildPhases = (
				4CEBCA8619BB77D300D2B498 /* Sources */,
				4CEBCA8719BB77D300D2B498 /* Frameworks */,
				4CEBCA8819BB77D300D2B498 /* Resources */,
			);
			buildRules = (
			);
			dependencies = (
				4CEBCA8F19BB77D300D2B498 /* PBXTargetDependency */,
				4CD4E2981A09468C006A244D /* PBXTargetDependency */,
				4CD4E2941A094662006A244D /* PBXTargetDependency */,
			);
			name = CTDPresentationTests;
			productName = CTDPresentationTests;
			productReference = 4CEBCA8A19BB77D300D2B498 /* CTDPresentationTests.xctest */;
			productType = "com.apple.product-type.bundle.unit-test";
		};
		4CFDEEB519C688CF0041B910 /* CTDUtility */ = {
			isa = PBXNativeTarget;
			buildConfigurationList = 4CFDEED219C688D00041B910 /* Build configuration list for PBXNativeTarget "CTDUtility" */;
			buildPhases = (
				4CFDEEB219C688CF0041B910 /* Sources */,
				4CFDEEB319C688CF0041B910 /* Frameworks */,
				4CFDEEB419C688CF0041B910 /* CopyFiles */,
			);
			buildRules = (
			);
			dependencies = (
			);
			name = CTDUtility;
			productName = CTDUtility;
			productReference = 4CFDEEB619C688CF0041B910 /* libCTDUtility.a */;
			productType = "com.apple.product-type.library.static";
		};
		4CFDEEC219C688D00041B910 /* CTDUtilityTests */ = {
			isa = PBXNativeTarget;
			buildConfigurationList = 4CFDEED519C688D00041B910 /* Build configuration list for PBXNativeTarget "CTDUtilityTests" */;
			buildPhases = (
				4CFDEEBF19C688D00041B910 /* Sources */,
				4CFDEEC019C688D00041B910 /* Frameworks */,
				4CFDEEC119C688D00041B910 /* Resources */,
			);
			buildRules = (
			);
			dependencies = (
				4CFDEEC819C688D00041B910 /* PBXTargetDependency */,
			);
			name = CTDUtilityTests;
			productName = CTDUtilityTests;
			productReference = 4CFDEEC319C688D00041B910 /* CTDUtilityTests.xctest */;
			productType = "com.apple.product-type.bundle.unit-test";
		};
/* End PBXNativeTarget section */

/* Begin PBXProject section */
		4CEBC9FF19BB564600D2B498 /* Project object */ = {
			isa = PBXProject;
			attributes = {
				CLASSPREFIX = CTD;
				LastUpgradeCheck = 0510;
				ORGANIZATIONNAME = "Michael Hackett";
				TargetAttributes = {
					4CEBCA0619BB564600D2B498 = {
						DevelopmentTeam = 7S9D646F5C;
					};
					4CEBCA2119BB564600D2B498 = {
						TestTargetID = 4CEBCA0619BB564600D2B498;
					};
					4CEBCA6319BB77C400D2B498 = {
						TestTargetID = 4CEBCA0619BB564600D2B498;
					};
					4CEBCA8919BB77D300D2B498 = {
						TestTargetID = 4CEBCA0619BB564600D2B498;
					};
					4CFDEEC219C688D00041B910 = {
						TestTargetID = 4CEBCA0619BB564600D2B498;
					};
				};
			};
			buildConfigurationList = 4CEBCA0219BB564600D2B498 /* Build configuration list for PBXProject "ConnectTheDots2" */;
			compatibilityVersion = "Xcode 3.2";
			developmentRegion = English;
			hasScannedForEncodings = 0;
			knownRegions = (
				en,
			);
			mainGroup = 4CEBC9FE19BB564600D2B498;
			productRefGroup = 4CEBCA0819BB564600D2B498 /* Products */;
			projectDirPath = "";
			projectRoot = "";
			targets = (
				4CEBCA0619BB564600D2B498 /* CTDApplication */,
				4CEBCA2119BB564600D2B498 /* CTDApplicationTests */,
				4CEBCA7C19BB77D200D2B498 /* CTDPresentation */,
				4CEBCA8919BB77D300D2B498 /* CTDPresentationTests */,
				4CEBCA5619BB77C400D2B498 /* CTDModel */,
				4CEBCA6319BB77C400D2B498 /* CTDModelTests */,
				4CFDEEB519C688CF0041B910 /* CTDUtility */,
				4CFDEEC219C688D00041B910 /* CTDUtilityTests */,
			);
		};
/* End PBXProject section */

/* Begin PBXResourcesBuildPhase section */
		4CEBCA0519BB564600D2B498 /* Resources */ = {
			isa = PBXResourcesBuildPhase;
			buildActionMask = 2147483647;
			files = (
				4CEBCAB819BC97ED00D2B498 /* CTDUIKitConnectSceneViewController.xib in Resources */,
				4CEBCA1519BB564600D2B498 /* InfoPlist.strings in Resources */,
				4CEBCA1D19BB564600D2B498 /* Images.xcassets in Resources */,
			);
			runOnlyForDeploymentPostprocessing = 0;
		};
		4CEBCA2019BB564600D2B498 /* Resources */ = {
			isa = PBXResourcesBuildPhase;
			buildActionMask = 2147483647;
			files = (
				4CEBCA2E19BB564600D2B498 /* InfoPlist.strings in Resources */,
			);
			runOnlyForDeploymentPostprocessing = 0;
		};
		4CEBCA6219BB77C400D2B498 /* Resources */ = {
			isa = PBXResourcesBuildPhase;
			buildActionMask = 2147483647;
			files = (
				4CEBCA7019BB77C400D2B498 /* InfoPlist.strings in Resources */,
			);
			runOnlyForDeploymentPostprocessing = 0;
		};
		4CEBCA8819BB77D300D2B498 /* Resources */ = {
			isa = PBXResourcesBuildPhase;
			buildActionMask = 2147483647;
			files = (
				4CEBCA9619BB77D300D2B498 /* InfoPlist.strings in Resources */,
			);
			runOnlyForDeploymentPostprocessing = 0;
		};
		4CFDEEC119C688D00041B910 /* Resources */ = {
			isa = PBXResourcesBuildPhase;
			buildActionMask = 2147483647;
			files = (
				4CFDEECF19C688D00041B910 /* InfoPlist.strings in Resources */,
			);
			runOnlyForDeploymentPostprocessing = 0;
		};
/* End PBXResourcesBuildPhase section */

/* Begin PBXSourcesBuildPhase section */
		4CEBCA0319BB564600D2B498 /* Sources */ = {
			isa = PBXSourcesBuildPhase;
			buildActionMask = 2147483647;
			files = (
				4C5A56AC19E20CC200E994CB /* CTDUIKitDrawingConfig.m in Sources */,
				4CFDEEF419C762580041B910 /* CTDPoint+CGConversion.m in Sources */,
				4CEBCAB719BC97ED00D2B498 /* CTDUIKitConnectSceneViewController.m in Sources */,
				4CEBCAD219BD2F8000D2B498 /* CTDCoreGraphicsUtils.c in Sources */,
				4C5A56A919E20A2A00E994CB /* CTDUIKitConnectionView.m in Sources */,
				4CEBCA1B19BB564600D2B498 /* CTDAppDelegate.m in Sources */,
				4CEBCACF19BD26D600D2B498 /* CTDUIKitToolbar.m in Sources */,
				4CFDEEA819C631880041B910 /* CAAnimation+CTDAnimationConstruction.m in Sources */,
				4CFDEE9919C61B740041B910 /* CTDAnimationUtils.m in Sources */,
				4CFDEEAB19C63C670041B910 /* CALayer+CTDAnimationSupport.m in Sources */,
				4CFDEE9519C619560041B910 /* CTDUIKitTargetSelectionIndicatorController.m in Sources */,
				4CEBCAC219BCD54D00D2B498 /* CTDUIKitTargetView.m in Sources */,
				4CEBCA1719BB564600D2B498 /* main.m in Sources */,
			);
			runOnlyForDeploymentPostprocessing = 0;
		};
		4CEBCA1E19BB564600D2B498 /* Sources */ = {
			isa = PBXSourcesBuildPhase;
			buildActionMask = 2147483647;
			files = (
				4CEBCA3019BB564600D2B498 /* CTDApplicationTests.m in Sources */,
			);
			runOnlyForDeploymentPostprocessing = 0;
		};
		4CEBCA5319BB77C400D2B498 /* Sources */ = {
			isa = PBXSourcesBuildPhase;
			buildActionMask = 2147483647;
			files = (
				4CEBCA5F19BB77C400D2B498 /* CTDModel.m in Sources */,
			);
			runOnlyForDeploymentPostprocessing = 0;
		};
		4CEBCA6019BB77C400D2B498 /* Sources */ = {
			isa = PBXSourcesBuildPhase;
			buildActionMask = 2147483647;
			files = (
				4CEBCA7219BB77C400D2B498 /* CTDModelTests.m in Sources */,
			);
			runOnlyForDeploymentPostprocessing = 0;
		};
		4CEBCA7919BB77D200D2B498 /* Sources */ = {
			isa = PBXSourcesBuildPhase;
			buildActionMask = 2147483647;
			files = (
				4C1F86511A0B2AD1001A3F0F /* CTDExerciseSceneTouchRouter.m in Sources */,
				4CD4E25F1A084676006A244D /* CTDDelegatingTouchTracker.m in Sources */,
				4C5A56A219E1C65600E994CB /* CTDConnectionTouchInteraction.m in Sources */,
				4C5A569019E1C37A00E994CB /* CTDSelectOnTouchInteraction.m in Sources */,
				4CFDEEEF19C720710041B910 /* CTDApplication.m in Sources */,
				4CD4E25C1A080D61006A244D /* CTDListOrderTouchMapper.m in Sources */,
				4CFDEEE319C698520041B910 /* CTDTargetSetPresenter.m in Sources */,
			);
			runOnlyForDeploymentPostprocessing = 0;
		};
		4CEBCA8619BB77D300D2B498 /* Sources */ = {
			isa = PBXSourcesBuildPhase;
			buildActionMask = 2147483647;
			files = (
				4C1F86481A094D2A001A3F0F /* CTDExerciseSceneTouchRouterTests.m in Sources */,
			);
			runOnlyForDeploymentPostprocessing = 0;
		};
		4CFDEEB219C688CF0041B910 /* Sources */ = {
			isa = PBXSourcesBuildPhase;
			buildActionMask = 2147483647;
			files = (
				4CFDEEDE19C68B070041B910 /* CTDPoint.m in Sources */,
			);
			runOnlyForDeploymentPostprocessing = 0;
		};
		4CFDEEBF19C688D00041B910 /* Sources */ = {
			isa = PBXSourcesBuildPhase;
			buildActionMask = 2147483647;
			files = (
				4C1F86461A094C6E001A3F0F /* CTDUtilityTests.m in Sources */,
			);
			runOnlyForDeploymentPostprocessing = 0;
		};
/* End PBXSourcesBuildPhase section */

/* Begin PBXTargetDependency section */
		4CD4E2941A094662006A244D /* PBXTargetDependency */ = {
			isa = PBXTargetDependency;
			target = 4CFDEEB519C688CF0041B910 /* CTDUtility */;
			targetProxy = 4CD4E2931A094662006A244D /* PBXContainerItemProxy */;
		};
		4CD4E2981A09468C006A244D /* PBXTargetDependency */ = {
			isa = PBXTargetDependency;
			target = 4CEBCA5619BB77C400D2B498 /* CTDModel */;
			targetProxy = 4CD4E2971A09468C006A244D /* PBXContainerItemProxy */;
		};
		4CEBCA2819BB564600D2B498 /* PBXTargetDependency */ = {
			isa = PBXTargetDependency;
			target = 4CEBCA0619BB564600D2B498 /* CTDApplication */;
			targetProxy = 4CEBCA2719BB564600D2B498 /* PBXContainerItemProxy */;
		};
		4CEBCA6919BB77C400D2B498 /* PBXTargetDependency */ = {
			isa = PBXTargetDependency;
			target = 4CEBCA5619BB77C400D2B498 /* CTDModel */;
			targetProxy = 4CEBCA6819BB77C400D2B498 /* PBXContainerItemProxy */;
		};
		4CEBCA8F19BB77D300D2B498 /* PBXTargetDependency */ = {
			isa = PBXTargetDependency;
			target = 4CEBCA7C19BB77D200D2B498 /* CTDPresentation */;
			targetProxy = 4CEBCA8E19BB77D300D2B498 /* PBXContainerItemProxy */;
		};
		4CEBCAAC19BB928400D2B498 /* PBXTargetDependency */ = {
			isa = PBXTargetDependency;
			target = 4CEBCA5619BB77C400D2B498 /* CTDModel */;
			targetProxy = 4CEBCAAB19BB928400D2B498 /* PBXContainerItemProxy */;
		};
		4CEBCAAE19BB928400D2B498 /* PBXTargetDependency */ = {
			isa = PBXTargetDependency;
			target = 4CEBCA7C19BB77D200D2B498 /* CTDPresentation */;
			targetProxy = 4CEBCAAD19BB928400D2B498 /* PBXContainerItemProxy */;
		};
		4CFDEEC819C688D00041B910 /* PBXTargetDependency */ = {
			isa = PBXTargetDependency;
			target = 4CFDEEB519C688CF0041B910 /* CTDUtility */;
			targetProxy = 4CFDEEC719C688D00041B910 /* PBXContainerItemProxy */;
		};
		4CFDEEE719C69F3C0041B910 /* PBXTargetDependency */ = {
			isa = PBXTargetDependency;
			target = 4CFDEEB519C688CF0041B910 /* CTDUtility */;
			targetProxy = 4CFDEEE619C69F3C0041B910 /* PBXContainerItemProxy */;
		};
/* End PBXTargetDependency section */

/* Begin PBXVariantGroup section */
		4CEBCA1319BB564600D2B498 /* InfoPlist.strings */ = {
			isa = PBXVariantGroup;
			children = (
				4CEBCA1419BB564600D2B498 /* en */,
			);
			name = InfoPlist.strings;
			sourceTree = "<group>";
		};
		4CEBCA2C19BB564600D2B498 /* InfoPlist.strings */ = {
			isa = PBXVariantGroup;
			children = (
				4CEBCA2D19BB564600D2B498 /* en */,
			);
			name = InfoPlist.strings;
			sourceTree = "<group>";
		};
		4CEBCA6E19BB77C400D2B498 /* InfoPlist.strings */ = {
			isa = PBXVariantGroup;
			children = (
				4CEBCA6F19BB77C400D2B498 /* en */,
			);
			name = InfoPlist.strings;
			sourceTree = "<group>";
		};
		4CEBCA9419BB77D300D2B498 /* InfoPlist.strings */ = {
			isa = PBXVariantGroup;
			children = (
				4CEBCA9519BB77D300D2B498 /* en */,
			);
			name = InfoPlist.strings;
			sourceTree = "<group>";
		};
		4CFDEECD19C688D00041B910 /* InfoPlist.strings */ = {
			isa = PBXVariantGroup;
			children = (
				4CFDEECE19C688D00041B910 /* en */,
			);
			name = InfoPlist.strings;
			sourceTree = "<group>";
		};
/* End PBXVariantGroup section */

/* Begin XCBuildConfiguration section */
		4CEBCA3119BB564600D2B498 /* Debug */ = {
			isa = XCBuildConfiguration;
			baseConfigurationReference = 4CEBCA4B19BB601300D2B498 /* ConnectTheDots-Debug.xcconfig */;
			buildSettings = {
			};
			name = Debug;
		};
		4CEBCA3219BB564600D2B498 /* Release */ = {
			isa = XCBuildConfiguration;
			baseConfigurationReference = 4CEBCA4C19BB601300D2B498 /* ConnectTheDots-Release.xcconfig */;
			buildSettings = {
			};
			name = Release;
		};
		4CEBCA3419BB564600D2B498 /* Debug */ = {
			isa = XCBuildConfiguration;
			baseConfigurationReference = 4CEBCA4D19BB601300D2B498 /* CTDApplication.xcconfig */;
			buildSettings = {
				ASSETCATALOG_COMPILER_APPICON_NAME = AppIcon;
				ASSETCATALOG_COMPILER_LAUNCHIMAGE_NAME = LaunchImage;
				CODE_SIGN_IDENTITY = "iPhone Developer";
				"CODE_SIGN_IDENTITY[sdk=iphoneos*]" = "iPhone Developer";
				PROVISIONING_PROFILE = "";
			};
			name = Debug;
		};
		4CEBCA3519BB564600D2B498 /* Release */ = {
			isa = XCBuildConfiguration;
			baseConfigurationReference = 4CEBCA4D19BB601300D2B498 /* CTDApplication.xcconfig */;
			buildSettings = {
				ASSETCATALOG_COMPILER_APPICON_NAME = AppIcon;
				ASSETCATALOG_COMPILER_LAUNCHIMAGE_NAME = LaunchImage;
				CODE_SIGN_IDENTITY = "iPhone Developer";
				"CODE_SIGN_IDENTITY[sdk=iphoneos*]" = "iPhone Developer";
				PROVISIONING_PROFILE = "";
			};
			name = Release;
		};
		4CEBCA3719BB564600D2B498 /* Debug */ = {
			isa = XCBuildConfiguration;
			baseConfigurationReference = 4CEBCAB319BB964300D2B498 /* CTDApplicationTests.xcconfig */;
			buildSettings = {
			};
			name = Debug;
		};
		4CEBCA3819BB564600D2B498 /* Release */ = {
			isa = XCBuildConfiguration;
			baseConfigurationReference = 4CEBCAB319BB964300D2B498 /* CTDApplicationTests.xcconfig */;
			buildSettings = {
			};
			name = Release;
		};
		4CEBCA7419BB77C500D2B498 /* Debug */ = {
			isa = XCBuildConfiguration;
			baseConfigurationReference = 4CEBCA9F19BB784800D2B498 /* CTDModel.xcconfig */;
			buildSettings = {
			};
			name = Debug;
		};
		4CEBCA7519BB77C500D2B498 /* Release */ = {
			isa = XCBuildConfiguration;
			baseConfigurationReference = 4CEBCA9F19BB784800D2B498 /* CTDModel.xcconfig */;
			buildSettings = {
			};
			name = Release;
		};
		4CEBCA7719BB77C500D2B498 /* Debug */ = {
			isa = XCBuildConfiguration;
			baseConfigurationReference = 4CEBCAA019BB784800D2B498 /* CTDModelTests.xcconfig */;
			buildSettings = {
			};
			name = Debug;
		};
		4CEBCA7819BB77C500D2B498 /* Release */ = {
			isa = XCBuildConfiguration;
			baseConfigurationReference = 4CEBCAA019BB784800D2B498 /* CTDModelTests.xcconfig */;
			buildSettings = {
			};
			name = Release;
		};
		4CEBCA9A19BB77D300D2B498 /* Debug */ = {
			isa = XCBuildConfiguration;
			baseConfigurationReference = 4CEBCAA119BB784800D2B498 /* CTDPresentation.xcconfig */;
			buildSettings = {
			};
			name = Debug;
		};
		4CEBCA9B19BB77D300D2B498 /* Release */ = {
			isa = XCBuildConfiguration;
			baseConfigurationReference = 4CEBCAA119BB784800D2B498 /* CTDPresentation.xcconfig */;
			buildSettings = {
			};
			name = Release;
		};
		4CEBCA9D19BB77D300D2B498 /* Debug */ = {
			isa = XCBuildConfiguration;
			baseConfigurationReference = 4CEBCAA219BB784800D2B498 /* CTDPresentationTests.xcconfig */;
			buildSettings = {
				FRAMEWORK_SEARCH_PATHS = (
					"$(inherited)",
					"$(DEVELOPER_FRAMEWORKS_DIR)",
				);
			};
			name = Debug;
		};
		4CEBCA9E19BB77D300D2B498 /* Release */ = {
			isa = XCBuildConfiguration;
			baseConfigurationReference = 4CEBCAA219BB784800D2B498 /* CTDPresentationTests.xcconfig */;
			buildSettings = {
				FRAMEWORK_SEARCH_PATHS = (
					"$(inherited)",
					"$(DEVELOPER_FRAMEWORKS_DIR)",
				);
			};
			name = Release;
		};
		4CFDEED319C688D00041B910 /* Debug */ = {
			isa = XCBuildConfiguration;
			baseConfigurationReference = 4CFDEED819C689260041B910 /* CTDUtility.xcconfig */;
			buildSettings = {
			};
			name = Debug;
		};
		4CFDEED419C688D00041B910 /* Release */ = {
			isa = XCBuildConfiguration;
			baseConfigurationReference = 4CFDEED819C689260041B910 /* CTDUtility.xcconfig */;
			buildSettings = {
			};
			name = Release;
		};
		4CFDEED619C688D00041B910 /* Debug */ = {
			isa = XCBuildConfiguration;
			baseConfigurationReference = 4CFDEED919C689500041B910 /* CTDUtilityTests.xcconfig */;
			buildSettings = {
			};
			name = Debug;
		};
		4CFDEED719C688D00041B910 /* Release */ = {
			isa = XCBuildConfiguration;
			baseConfigurationReference = 4CFDEED919C689500041B910 /* CTDUtilityTests.xcconfig */;
			buildSettings = {
			};
			name = Release;
		};
/* End XCBuildConfiguration section */

/* Begin XCConfigurationList section */
		4CEBCA0219BB564600D2B498 /* Build configuration list for PBXProject "ConnectTheDots2" */ = {
			isa = XCConfigurationList;
			buildConfigurations = (
				4CEBCA3119BB564600D2B498 /* Debug */,
				4CEBCA3219BB564600D2B498 /* Release */,
			);
			defaultConfigurationIsVisible = 0;
			defaultConfigurationName = Release;
		};
		4CEBCA3319BB564600D2B498 /* Build configuration list for PBXNativeTarget "CTDApplication" */ = {
			isa = XCConfigurationList;
			buildConfigurations = (
				4CEBCA3419BB564600D2B498 /* Debug */,
				4CEBCA3519BB564600D2B498 /* Release */,
			);
			defaultConfigurationIsVisible = 0;
			defaultConfigurationName = Release;
		};
		4CEBCA3619BB564600D2B498 /* Build configuration list for PBXNativeTarget "CTDApplicationTests" */ = {
			isa = XCConfigurationList;
			buildConfigurations = (
				4CEBCA3719BB564600D2B498 /* Debug */,
				4CEBCA3819BB564600D2B498 /* Release */,
			);
			defaultConfigurationIsVisible = 0;
			defaultConfigurationName = Release;
		};
		4CEBCA7319BB77C500D2B498 /* Build configuration list for PBXNativeTarget "CTDModel" */ = {
			isa = XCConfigurationList;
			buildConfigurations = (
				4CEBCA7419BB77C500D2B498 /* Debug */,
				4CEBCA7519BB77C500D2B498 /* Release */,
			);
			defaultConfigurationIsVisible = 0;
			defaultConfigurationName = Release;
		};
		4CEBCA7619BB77C500D2B498 /* Build configuration list for PBXNativeTarget "CTDModelTests" */ = {
			isa = XCConfigurationList;
			buildConfigurations = (
				4CEBCA7719BB77C500D2B498 /* Debug */,
				4CEBCA7819BB77C500D2B498 /* Release */,
			);
			defaultConfigurationIsVisible = 0;
			defaultConfigurationName = Release;
		};
		4CEBCA9919BB77D300D2B498 /* Build configuration list for PBXNativeTarget "CTDPresentation" */ = {
			isa = XCConfigurationList;
			buildConfigurations = (
				4CEBCA9A19BB77D300D2B498 /* Debug */,
				4CEBCA9B19BB77D300D2B498 /* Release */,
			);
			defaultConfigurationIsVisible = 0;
			defaultConfigurationName = Release;
		};
		4CEBCA9C19BB77D300D2B498 /* Build configuration list for PBXNativeTarget "CTDPresentationTests" */ = {
			isa = XCConfigurationList;
			buildConfigurations = (
				4CEBCA9D19BB77D300D2B498 /* Debug */,
				4CEBCA9E19BB77D300D2B498 /* Release */,
			);
			defaultConfigurationIsVisible = 0;
			defaultConfigurationName = Release;
		};
		4CFDEED219C688D00041B910 /* Build configuration list for PBXNativeTarget "CTDUtility" */ = {
			isa = XCConfigurationList;
			buildConfigurations = (
				4CFDEED319C688D00041B910 /* Debug */,
				4CFDEED419C688D00041B910 /* Release */,
			);
			defaultConfigurationIsVisible = 0;
			defaultConfigurationName = Release;
		};
		4CFDEED519C688D00041B910 /* Build configuration list for PBXNativeTarget "CTDUtilityTests" */ = {
			isa = XCConfigurationList;
			buildConfigurations = (
				4CFDEED619C688D00041B910 /* Debug */,
				4CFDEED719C688D00041B910 /* Release */,
			);
			defaultConfigurationIsVisible = 0;
			defaultConfigurationName = Release;
		};
/* End XCConfigurationList section */
	};
	rootObject = 4CEBC9FF19BB564600D2B498 /* Project object */;
}
